PODS:
  - FLAnimatedImage (1.0.12)
  - HCSStarRatingView (1.4.5)
  - JLRoutes (2.0.6)
  - Masonry (1.1.0)
  - MBProgressHUD (1.0.0)
  - MJExtension (3.0.13)
  - MMMarkdown (0.5.5)
  - ReactiveCocoa (2.5):
    - ReactiveCocoa/UI (= 2.5)
  - ReactiveCocoa/Core (2.5):
    - ReactiveCocoa/no-arc
  - ReactiveCocoa/no-arc (2.5)
  - ReactiveCocoa/UI (2.5):
    - ReactiveCocoa/Core
  - SDWebImage (4.1.2):
    - SDWebImage/Core (= 4.1.2)
  - SDWebImage/Core (4.1.2)
  - SVProgressHUD (2.2.2)

DEPENDENCIES:
  - FLAnimatedImage (~> 1.0)
  - HCSStarRatingView (~> 1.4.5)
  - JLRoutes (~> 2.0.5)
  - Masonry (~> 1.1.0)
  - MBProgressHUD (~> 1.0.0)
  - MJExtension (~> 3.0.13)
  - MMMarkdown (~> 0.5.5)
  - ReactiveCocoa (~> 2.5)
  - SDWebImage (~> 4.1.2)
  - SVProgressHUD (~> 2.2.2)

SPEC CHECKSUMS:
  FLAnimatedImage: 4a0b56255d9b05f18b6dd7ee06871be5d3b89e31
  HCSStarRatingView: bff3f89314d3b5013ce826ea11897d3129ff6b8c
  JLRoutes: 92dcba8bdc54cc18af06ab5578ca1180cb3c83bb
  Masonry: 678fab65091a9290e40e2832a55e7ab731aad201
  MBProgressHUD: 4890f671c94e8a0f3cf959aa731e9de2f036d71a
  MJExtension: 5932755f451458eefa24239358817f8d291240c7
  MMMarkdown: 1af97166ce0f6d6e0cb05695665492195d27c3f1
  ReactiveCocoa: e2db045570aa97c695e7aa97c2bcab222ae51f4a
  SDWebImage: cb6f9f266a9977741efcbc21e618e8be3734c774
  SVProgressHUD: 59b2d3dabacbd051576d21d32293ca7228dc18b0

PODFILE CHECKSUM: 0c7f42c043770c8c20d50d4069b9d984016dea14

COCOAPODS: 1.2.1
