// !$*UTF8*$!
{
	archiveVersion = 1;
	classes = {
	};
	objectVersion = 48;
	objects = {

/* Begin PBXBuildFile section */
		4ABAFCF80B53792B92DC492E /* Pods_selfish.framework in Frameworks */ = {isa = PBXBuildFile; fileRef = F814782EE40278912260C417 /* Pods_selfish.framework */; };
		87ACCDEC1FC4F85C0008F7BA /* AppDelegate.m in Sources */ = {isa = PBXBuildFile; fileRef = 87ACCDEB1FC4F85C0008F7BA /* AppDelegate.m */; };
		87ACCDEF1FC4F85C0008F7BA /* ViewController.m in Sources */ = {isa = PBXBuildFile; fileRef = 87ACCDEE1FC4F85C0008F7BA /* ViewController.m */; };
		87ACCDF21FC4F85C0008F7BA /* Main.storyboard in Resources */ = {isa = PBXBuildFile; fileRef = 87ACCDF01FC4F85C0008F7BA /* Main.storyboard */; };
		87ACCDF41FC4F85C0008F7BA /* Assets.xcassets in Resources */ = {isa = PBXBuildFile; fileRef = 87ACCDF31FC4F85C0008F7BA /* Assets.xcassets */; };
		87ACCDF71FC4F85C0008F7BA /* LaunchScreen.storyboard in Resources */ = {isa = PBXBuildFile; fileRef = 87ACCDF51FC4F85C0008F7BA /* LaunchScreen.storyboard */; };
		87ACCDFA1FC4F85C0008F7BA /* main.m in Sources */ = {isa = PBXBuildFile; fileRef = 87ACCDF91FC4F85C0008F7BA /* main.m */; };
		87ACCE041FC4F85C0008F7BA /* selfishTests.m in Sources */ = {isa = PBXBuildFile; fileRef = 87ACCE031FC4F85C0008F7BA /* selfishTests.m */; };
		87ACCE0F1FC4F85C0008F7BA /* selfishUITests.m in Sources */ = {isa = PBXBuildFile; fileRef = 87ACCE0E1FC4F85C0008F7BA /* selfishUITests.m */; };
		87ACCE271FC4FA5A0008F7BA /* HomeTableViewCell.m in Sources */ = {isa = PBXBuildFile; fileRef = 87ACCE261FC4FA5A0008F7BA /* HomeTableViewCell.m */; };
		87ACCE321FC5AF4C0008F7BA /* UIImage+Size.m in Sources */ = {isa = PBXBuildFile; fileRef = 87ACCE2C1FC5AF4C0008F7BA /* UIImage+Size.m */; };
		87ACCE331FC5AF4C0008F7BA /* UIView+Layout.m in Sources */ = {isa = PBXBuildFile; fileRef = 87ACCE2E1FC5AF4C0008F7BA /* UIView+Layout.m */; };
		87ACCE341FC5AF4C0008F7BA /* SUImageManager.m in Sources */ = {isa = PBXBuildFile; fileRef = 87ACCE301FC5AF4C0008F7BA /* SUImageManager.m */; };
		87ACCE371FC5B1EF0008F7BA /* HomeVC.m in Sources */ = {isa = PBXBuildFile; fileRef = 87ACCE361FC5B1EF0008F7BA /* HomeVC.m */; };
		87ACCE391FC5B4D20008F7BA /* image.png in Resources */ = {isa = PBXBuildFile; fileRef = 87ACCE381FC5B4D20008F7BA /* image.png */; };
		87ACCE3C1FC5BA7F0008F7BA /* HomeViewModel.m in Sources */ = {isa = PBXBuildFile; fileRef = 87ACCE3B1FC5BA7F0008F7BA /* HomeViewModel.m */; };
		87ACCE3F1FC5BDA10008F7BA /* HomeViewHeader.m in Sources */ = {isa = PBXBuildFile; fileRef = 87ACCE3E1FC5BDA10008F7BA /* HomeViewHeader.m */; };
/* End PBXBuildFile section */

/* Begin PBXContainerItemProxy section */
		87ACCE001FC4F85C0008F7BA /* PBXContainerItemProxy */ = {
			isa = PBXContainerItemProxy;
			containerPortal = 87ACCDDF1FC4F85C0008F7BA /* Project object */;
			proxyType = 1;
			remoteGlobalIDString = 87ACCDE61FC4F85C0008F7BA;
			remoteInfo = selfish;
		};
		87ACCE0B1FC4F85C0008F7BA /* PBXContainerItemProxy */ = {
			isa = PBXContainerItemProxy;
			containerPortal = 87ACCDDF1FC4F85C0008F7BA /* Project object */;
			proxyType = 1;
			remoteGlobalIDString = 87ACCDE61FC4F85C0008F7BA;
			remoteInfo = selfish;
		};
/* End PBXContainerItemProxy section */

/* Begin PBXFileReference section */
		71E838DD0DEEB7533B44F0DE /* Pods-selfish.release.xcconfig */ = {isa = PBXFileReference; includeInIndex = 1; lastKnownFileType = text.xcconfig; name = "Pods-selfish.release.xcconfig"; path = "Pods/Target Support Files/Pods-selfish/Pods-selfish.release.xcconfig"; sourceTree = "<group>"; };
		788519F427174B6659B77C89 /* Pods-selfish.debug.xcconfig */ = {isa = PBXFileReference; includeInIndex = 1; lastKnownFileType = text.xcconfig; name = "Pods-selfish.debug.xcconfig"; path = "Pods/Target Support Files/Pods-selfish/Pods-selfish.debug.xcconfig"; sourceTree = "<group>"; };
		87ACCDE71FC4F85C0008F7BA /* selfish.app */ = {isa = PBXFileReference; explicitFileType = wrapper.application; includeInIndex = 0; path = selfish.app; sourceTree = BUILT_PRODUCTS_DIR; };
		87ACCDEA1FC4F85C0008F7BA /* AppDelegate.h */ = {isa = PBXFileReference; lastKnownFileType = sourcecode.c.h; path = AppDelegate.h; sourceTree = "<group>"; };
		87ACCDEB1FC4F85C0008F7BA /* AppDelegate.m */ = {isa = PBXFileReference; lastKnownFileType = sourcecode.c.objc; path = AppDelegate.m; sourceTree = "<group>"; };
		87ACCDED1FC4F85C0008F7BA /* ViewController.h */ = {isa = PBXFileReference; lastKnownFileType = sourcecode.c.h; path = ViewController.h; sourceTree = "<group>"; };
		87ACCDEE1FC4F85C0008F7BA /* ViewController.m */ = {isa = PBXFileReference; lastKnownFileType = sourcecode.c.objc; path = ViewController.m; sourceTree = "<group>"; };
		87ACCDF11FC4F85C0008F7BA /* Base */ = {isa = PBXFileReference; lastKnownFileType = file.storyboard; name = Base; path = Base.lproj/Main.storyboard; sourceTree = "<group>"; };
		87ACCDF31FC4F85C0008F7BA /* Assets.xcassets */ = {isa = PBXFileReference; lastKnownFileType = folder.assetcatalog; path = Assets.xcassets; sourceTree = "<group>"; };
		87ACCDF61FC4F85C0008F7BA /* Base */ = {isa = PBXFileReference; lastKnownFileType = file.storyboard; name = Base; path = Base.lproj/LaunchScreen.storyboard; sourceTree = "<group>"; };
		87ACCDF81FC4F85C0008F7BA /* Info.plist */ = {isa = PBXFileReference; lastKnownFileType = text.plist.xml; path = Info.plist; sourceTree = "<group>"; };
		87ACCDF91FC4F85C0008F7BA /* main.m */ = {isa = PBXFileReference; lastKnownFileType = sourcecode.c.objc; path = main.m; sourceTree = "<group>"; };
		87ACCDFF1FC4F85C0008F7BA /* selfishTests.xctest */ = {isa = PBXFileReference; explicitFileType = wrapper.cfbundle; includeInIndex = 0; path = selfishTests.xctest; sourceTree = BUILT_PRODUCTS_DIR; };
		87ACCE031FC4F85C0008F7BA /* selfishTests.m */ = {isa = PBXFileReference; lastKnownFileType = sourcecode.c.objc; path = selfishTests.m; sourceTree = "<group>"; };
		87ACCE051FC4F85C0008F7BA /* Info.plist */ = {isa = PBXFileReference; lastKnownFileType = text.plist.xml; path = Info.plist; sourceTree = "<group>"; };
		87ACCE0A1FC4F85C0008F7BA /* selfishUITests.xctest */ = {isa = PBXFileReference; explicitFileType = wrapper.cfbundle; includeInIndex = 0; path = selfishUITests.xctest; sourceTree = BUILT_PRODUCTS_DIR; };
		87ACCE0E1FC4F85C0008F7BA /* selfishUITests.m */ = {isa = PBXFileReference; lastKnownFileType = sourcecode.c.objc; path = selfishUITests.m; sourceTree = "<group>"; };
		87ACCE101FC4F85C0008F7BA /* Info.plist */ = {isa = PBXFileReference; lastKnownFileType = text.plist.xml; path = Info.plist; sourceTree = "<group>"; };
		87ACCE251FC4FA5A0008F7BA /* HomeTableViewCell.h */ = {isa = PBXFileReference; lastKnownFileType = sourcecode.c.h; path = HomeTableViewCell.h; sourceTree = "<group>"; };
		87ACCE261FC4FA5A0008F7BA /* HomeTableViewCell.m */ = {isa = PBXFileReference; lastKnownFileType = sourcecode.c.objc; path = HomeTableViewCell.m; sourceTree = "<group>"; };
		87ACCE2B1FC5AF4C0008F7BA /* SUImageManager.h */ = {isa = PBXFileReference; fileEncoding = 4; lastKnownFileType = sourcecode.c.h; path = SUImageManager.h; sourceTree = "<group>"; };
		87ACCE2C1FC5AF4C0008F7BA /* UIImage+Size.m */ = {isa = PBXFileReference; fileEncoding = 4; lastKnownFileType = sourcecode.c.objc; path = "UIImage+Size.m"; sourceTree = "<group>"; };
		87ACCE2D1FC5AF4C0008F7BA /* UIImage+Size.h */ = {isa = PBXFileReference; fileEncoding = 4; lastKnownFileType = sourcecode.c.h; path = "UIImage+Size.h"; sourceTree = "<group>"; };
		87ACCE2E1FC5AF4C0008F7BA /* UIView+Layout.m */ = {isa = PBXFileReference; fileEncoding = 4; lastKnownFileType = sourcecode.c.objc; path = "UIView+Layout.m"; sourceTree = "<group>"; };
		87ACCE2F1FC5AF4C0008F7BA /* UIView+Layout.h */ = {isa = PBXFileReference; fileEncoding = 4; lastKnownFileType = sourcecode.c.h; path = "UIView+Layout.h"; sourceTree = "<group>"; };
		87ACCE301FC5AF4C0008F7BA /* SUImageManager.m */ = {isa = PBXFileReference; fileEncoding = 4; lastKnownFileType = sourcecode.c.objc; path = SUImageManager.m; sourceTree = "<group>"; };
		87ACCE311FC5AF4C0008F7BA /* Macros.h */ = {isa = PBXFileReference; fileEncoding = 4; lastKnownFileType = sourcecode.c.h; path = Macros.h; sourceTree = "<group>"; };
		87ACCE351FC5B1EF0008F7BA /* HomeVC.h */ = {isa = PBXFileReference; lastKnownFileType = sourcecode.c.h; path = HomeVC.h; sourceTree = "<group>"; };
		87ACCE361FC5B1EF0008F7BA /* HomeVC.m */ = {isa = PBXFileReference; lastKnownFileType = sourcecode.c.objc; path = HomeVC.m; sourceTree = "<group>"; };
		87ACCE381FC5B4D20008F7BA /* image.png */ = {isa = PBXFileReference; lastKnownFileType = image.png; path = image.png; sourceTree = "<group>"; };
		87ACCE3A1FC5BA7F0008F7BA /* HomeViewModel.h */ = {isa = PBXFileReference; lastKnownFileType = sourcecode.c.h; path = HomeViewModel.h; sourceTree = "<group>"; };
		87ACCE3B1FC5BA7F0008F7BA /* HomeViewModel.m */ = {isa = PBXFileReference; lastKnownFileType = sourcecode.c.objc; path = HomeViewModel.m; sourceTree = "<group>"; };
		87ACCE3D1FC5BDA10008F7BA /* HomeViewHeader.h */ = {isa = PBXFileReference; lastKnownFileType = sourcecode.c.h; path = HomeViewHeader.h; sourceTree = "<group>"; };
		87ACCE3E1FC5BDA10008F7BA /* HomeViewHeader.m */ = {isa = PBXFileReference; lastKnownFileType = sourcecode.c.objc; path = HomeViewHeader.m; sourceTree = "<group>"; };
		F814782EE40278912260C417 /* Pods_selfish.framework */ = {isa = PBXFileReference; explicitFileType = wrapper.framework; includeInIndex = 0; path = Pods_selfish.framework; sourceTree = BUILT_PRODUCTS_DIR; };
/* End PBXFileReference section */

/* Begin PBXFrameworksBuildPhase section */
		87ACCDE41FC4F85C0008F7BA /* Frameworks */ = {
			isa = PBXFrameworksBuildPhase;
			buildActionMask = 2147483647;
			files = (
				4ABAFCF80B53792B92DC492E /* Pods_selfish.framework in Frameworks */,
			);
			runOnlyForDeploymentPostprocessing = 0;
		};
		87ACCDFC1FC4F85C0008F7BA /* Frameworks */ = {
			isa = PBXFrameworksBuildPhase;
			buildActionMask = 2147483647;
			files = (
			);
			runOnlyForDeploymentPostprocessing = 0;
		};
		87ACCE071FC4F85C0008F7BA /* Frameworks */ = {
			isa = PBXFrameworksBuildPhase;
			buildActionMask = 2147483647;
			files = (
			);
			runOnlyForDeploymentPostprocessing = 0;
		};
/* End PBXFrameworksBuildPhase section */

/* Begin PBXGroup section */
		7BCC60EE35026FF9BB6FF20F /* Pods */ = {
			isa = PBXGroup;
			children = (
				788519F427174B6659B77C89 /* Pods-selfish.debug.xcconfig */,
				71E838DD0DEEB7533B44F0DE /* Pods-selfish.release.xcconfig */,
			);
			name = Pods;
			sourceTree = "<group>";
		};
		87ACCDDE1FC4F85C0008F7BA = {
			isa = PBXGroup;
			children = (
				87ACCDE91FC4F85C0008F7BA /* selfish */,
				87ACCE021FC4F85C0008F7BA /* selfishTests */,
				87ACCE0D1FC4F85C0008F7BA /* selfishUITests */,
				87ACCDE81FC4F85C0008F7BA /* Products */,
				7BCC60EE35026FF9BB6FF20F /* Pods */,
				B5F79913E1CABDDFDEA59921 /* Frameworks */,
			);
			sourceTree = "<group>";
		};
		87ACCDE81FC4F85C0008F7BA /* Products */ = {
			isa = PBXGroup;
			children = (
				87ACCDE71FC4F85C0008F7BA /* selfish.app */,
				87ACCDFF1FC4F85C0008F7BA /* selfishTests.xctest */,
				87ACCE0A1FC4F85C0008F7BA /* selfishUITests.xctest */,
			);
			name = Products;
			sourceTree = "<group>";
		};
		87ACCDE91FC4F85C0008F7BA /* selfish */ = {
			isa = PBXGroup;
			children = (
				87ACCDF81FC4F85C0008F7BA /* Info.plist */,
				87ACCE1E1FC4F95B0008F7BA /* Network */,
				87ACCE1F1FC4F95B0008F7BA /* Section */,
				87ACCE1C1FC4F95B0008F7BA /* Service */,
				87ACCE1D1FC4F95B0008F7BA /* supporting */,
				87ACCDED1FC4F85C0008F7BA /* ViewController.h */,
				87ACCDEE1FC4F85C0008F7BA /* ViewController.m */,
			);
			path = selfish;
			sourceTree = "<group>";
		};
		87ACCE021FC4F85C0008F7BA /* selfishTests */ = {
			isa = PBXGroup;
			children = (
				87ACCE031FC4F85C0008F7BA /* selfishTests.m */,
				87ACCE051FC4F85C0008F7BA /* Info.plist */,
			);
			path = selfishTests;
			sourceTree = "<group>";
		};
		87ACCE0D1FC4F85C0008F7BA /* selfishUITests */ = {
			isa = PBXGroup;
			children = (
				87ACCE0E1FC4F85C0008F7BA /* selfishUITests.m */,
				87ACCE101FC4F85C0008F7BA /* Info.plist */,
			);
			path = selfishUITests;
			sourceTree = "<group>";
		};
		87ACCE1C1FC4F95B0008F7BA /* Service */ = {
			isa = PBXGroup;
			children = (
				87ACCE311FC5AF4C0008F7BA /* Macros.h */,
				87ACCE2B1FC5AF4C0008F7BA /* SUImageManager.h */,
				87ACCE301FC5AF4C0008F7BA /* SUImageManager.m */,
				87ACCE2D1FC5AF4C0008F7BA /* UIImage+Size.h */,
				87ACCE2C1FC5AF4C0008F7BA /* UIImage+Size.m */,
				87ACCE2F1FC5AF4C0008F7BA /* UIView+Layout.h */,
				87ACCE2E1FC5AF4C0008F7BA /* UIView+Layout.m */,
			);
			path = Service;
			sourceTree = "<group>";
		};
		87ACCE1D1FC4F95B0008F7BA /* supporting */ = {
			isa = PBXGroup;
			children = (
				87ACCE281FC4FF940008F7BA /* source */,
				87ACCDF01FC4F85C0008F7BA /* Main.storyboard */,
				87ACCDF31FC4F85C0008F7BA /* Assets.xcassets */,
				87ACCDF51FC4F85C0008F7BA /* LaunchScreen.storyboard */,
				87ACCDF91FC4F85C0008F7BA /* main.m */,
				87ACCDEA1FC4F85C0008F7BA /* AppDelegate.h */,
				87ACCDEB1FC4F85C0008F7BA /* AppDelegate.m */,
			);
			path = supporting;
			sourceTree = "<group>";
		};
		87ACCE1E1FC4F95B0008F7BA /* Network */ = {
			isa = PBXGroup;
			children = (
			);
			path = Network;
			sourceTree = "<group>";
		};
		87ACCE1F1FC4F95B0008F7BA /* Section */ = {
			isa = PBXGroup;
			children = (
				87ACCE201FC4F95B0008F7BA /* Home */,
			);
			path = Section;
			sourceTree = "<group>";
		};
		87ACCE201FC4F95B0008F7BA /* Home */ = {
			isa = PBXGroup;
			children = (
				87ACCE211FC4F95B0008F7BA /* ViewModel */,
				87ACCE221FC4F95B0008F7BA /* Controller */,
				87ACCE231FC4F95B0008F7BA /* Model */,
				87ACCE241FC4F95B0008F7BA /* View */,
			);
			path = Home;
			sourceTree = "<group>";
		};
		87ACCE211FC4F95B0008F7BA /* ViewModel */ = {
			isa = PBXGroup;
			children = (
				87ACCE3A1FC5BA7F0008F7BA /* HomeViewModel.h */,
				87ACCE3B1FC5BA7F0008F7BA /* HomeViewModel.m */,
			);
			path = ViewModel;
			sourceTree = "<group>";
		};
		87ACCE221FC4F95B0008F7BA /* Controller */ = {
			isa = PBXGroup;
			children = (
				87ACCE351FC5B1EF0008F7BA /* HomeVC.h */,
				87ACCE361FC5B1EF0008F7BA /* HomeVC.m */,
			);
			path = Controller;
			sourceTree = "<group>";
		};
		87ACCE231FC4F95B0008F7BA /* Model */ = {
			isa = PBXGroup;
			children = (
			);
			path = Model;
			sourceTree = "<group>";
		};
		87ACCE241FC4F95B0008F7BA /* View */ = {
			isa = PBXGroup;
			children = (
				87ACCE251FC4FA5A0008F7BA /* HomeTableViewCell.h */,
				87ACCE261FC4FA5A0008F7BA /* HomeTableViewCell.m */,
				87ACCE3D1FC5BDA10008F7BA /* HomeViewHeader.h */,
				87ACCE3E1FC5BDA10008F7BA /* HomeViewHeader.m */,
			);
			path = View;
			sourceTree = "<group>";
		};
		87ACCE281FC4FF940008F7BA /* source */ = {
			isa = PBXGroup;
			children = (
				87ACCE291FC4FF940008F7BA /* video */,
				87ACCE2A1FC4FF940008F7BA /* image */,
			);
			path = source;
			sourceTree = "<group>";
		};
		87ACCE291FC4FF940008F7BA /* video */ = {
			isa = PBXGroup;
			children = (
			);
			path = video;
			sourceTree = "<group>";
		};
		87ACCE2A1FC4FF940008F7BA /* image */ = {
			isa = PBXGroup;
			children = (
				87ACCE381FC5B4D20008F7BA /* image.png */,
			);
			path = image;
			sourceTree = "<group>";
		};
		B5F79913E1CABDDFDEA59921 /* Frameworks */ = {
			isa = PBXGroup;
			children = (
				F814782EE40278912260C417 /* Pods_selfish.framework */,
			);
			name = Frameworks;
			sourceTree = "<group>";
		};
/* End PBXGroup section */

/* Begin PBXNativeTarget section */
		87ACCDE61FC4F85C0008F7BA /* selfish */ = {
			isa = PBXNativeTarget;
			buildConfigurationList = 87ACCE131FC4F85C0008F7BA /* Build configuration list for PBXNativeTarget "selfish" */;
			buildPhases = (
				CFAC2FE1B01F968AB540F613 /* [CP] Check Pods Manifest.lock */,
				87ACCDE31FC4F85C0008F7BA /* Sources */,
				87ACCDE41FC4F85C0008F7BA /* Frameworks */,
				87ACCDE51FC4F85C0008F7BA /* Resources */,
				1C68BBED0838774A2B8728CB /* [CP] Embed Pods Frameworks */,
				931C5EE11354971EC3734803 /* [CP] Copy Pods Resources */,
			);
			buildRules = (
			);
			dependencies = (
			);
			name = selfish;
			productName = selfish;
			productReference = 87ACCDE71FC4F85C0008F7BA /* selfish.app */;
			productType = "com.apple.product-type.application";
		};
		87ACCDFE1FC4F85C0008F7BA /* selfishTests */ = {
			isa = PBXNativeTarget;
			buildConfigurationList = 87ACCE161FC4F85C0008F7BA /* Build configuration list for PBXNativeTarget "selfishTests" */;
			buildPhases = (
				87ACCDFB1FC4F85C0008F7BA /* Sources */,
				87ACCDFC1FC4F85C0008F7BA /* Frameworks */,
				87ACCDFD1FC4F85C0008F7BA /* Resources */,
			);
			buildRules = (
			);
			dependencies = (
				87ACCE011FC4F85C0008F7BA /* PBXTargetDependency */,
			);
			name = selfishTests;
			productName = selfishTests;
			productReference = 87ACCDFF1FC4F85C0008F7BA /* selfishTests.xctest */;
			productType = "com.apple.product-type.bundle.unit-test";
		};
		87ACCE091FC4F85C0008F7BA /* selfishUITests */ = {
			isa = PBXNativeTarget;
			buildConfigurationList = 87ACCE191FC4F85C0008F7BA /* Build configuration list for PBXNativeTarget "selfishUITests" */;
			buildPhases = (
				87ACCE061FC4F85C0008F7BA /* Sources */,
				87ACCE071FC4F85C0008F7BA /* Frameworks */,
				87ACCE081FC4F85C0008F7BA /* Resources */,
			);
			buildRules = (
			);
			dependencies = (
				87ACCE0C1FC4F85C0008F7BA /* PBXTargetDependency */,
			);
			name = selfishUITests;
			productName = selfishUITests;
			productReference = 87ACCE0A1FC4F85C0008F7BA /* selfishUITests.xctest */;
			productType = "com.apple.product-type.bundle.ui-testing";
		};
/* End PBXNativeTarget section */

/* Begin PBXProject section */
		87ACCDDF1FC4F85C0008F7BA /* Project object */ = {
			isa = PBXProject;
			attributes = {
				LastUpgradeCheck = 0910;
				ORGANIZATIONNAME = He;
				TargetAttributes = {
					87ACCDE61FC4F85C0008F7BA = {
						CreatedOnToolsVersion = 9.1;
						ProvisioningStyle = Automatic;
					};
					87ACCDFE1FC4F85C0008F7BA = {
						CreatedOnToolsVersion = 9.1;
						ProvisioningStyle = Automatic;
						TestTargetID = 87ACCDE61FC4F85C0008F7BA;
					};
					87ACCE091FC4F85C0008F7BA = {
						CreatedOnToolsVersion = 9.1;
						ProvisioningStyle = Automatic;
						TestTargetID = 87ACCDE61FC4F85C0008F7BA;
					};
				};
			};
			buildConfigurationList = 87ACCDE21FC4F85C0008F7BA /* Build configuration list for PBXProject "selfish" */;
			compatibilityVersion = "Xcode 8.0";
			developmentRegion = en;
			hasScannedForEncodings = 0;
			knownRegions = (
				en,
				Base,
			);
			mainGroup = 87ACCDDE1FC4F85C0008F7BA;
			productRefGroup = 87ACCDE81FC4F85C0008F7BA /* Products */;
			projectDirPath = "";
			projectRoot = "";
			targets = (
				87ACCDE61FC4F85C0008F7BA /* selfish */,
				87ACCDFE1FC4F85C0008F7BA /* selfishTests */,
				87ACCE091FC4F85C0008F7BA /* selfishUITests */,
			);
		};
/* End PBXProject section */

/* Begin PBXResourcesBuildPhase section */
		87ACCDE51FC4F85C0008F7BA /* Resources */ = {
			isa = PBXResourcesBuildPhase;
			buildActionMask = 2147483647;
			files = (
				87ACCDF71FC4F85C0008F7BA /* LaunchScreen.storyboard in Resources */,
				87ACCDF41FC4F85C0008F7BA /* Assets.xcassets in Resources */,
				87ACCDF21FC4F85C0008F7BA /* Main.storyboard in Resources */,
				87ACCE391FC5B4D20008F7BA /* image.png in Resources */,
			);
			runOnlyForDeploymentPostprocessing = 0;
		};
		87ACCDFD1FC4F85C0008F7BA /* Resources */ = {
			isa = PBXResourcesBuildPhase;
			buildActionMask = 2147483647;
			files = (
			);
			runOnlyForDeploymentPostprocessing = 0;
		};
		87ACCE081FC4F85C0008F7BA /* Resources */ = {
			isa = PBXResourcesBuildPhase;
			buildActionMask = 2147483647;
			files = (
			);
			runOnlyForDeploymentPostprocessing = 0;
		};
/* End PBXResourcesBuildPhase section */

/* Begin PBXShellScriptBuildPhase section */
		1C68BBED0838774A2B8728CB /* [CP] Embed Pods Frameworks */ = {
			isa = PBXShellScriptBuildPhase;
			buildActionMask = 2147483647;
			files = (
			);
			inputPaths = (
			);
			name = "[CP] Embed Pods Frameworks";
			outputPaths = (
			);
			runOnlyForDeploymentPostprocessing = 0;
			shellPath = /bin/sh;
			shellScript = "\"${SRCROOT}/Pods/Target Support Files/Pods-selfish/Pods-selfish-frameworks.sh\"\n";
			showEnvVarsInLog = 0;
		};
		931C5EE11354971EC3734803 /* [CP] Copy Pods Resources */ = {
			isa = PBXShellScriptBuildPhase;
			buildActionMask = 2147483647;
			files = (
			);
			inputPaths = (
			);
			name = "[CP] Copy Pods Resources";
			outputPaths = (
			);
			runOnlyForDeploymentPostprocessing = 0;
			shellPath = /bin/sh;
			shellScript = "\"${SRCROOT}/Pods/Target Support Files/Pods-selfish/Pods-selfish-resources.sh\"\n";
			showEnvVarsInLog = 0;
		};
		CFAC2FE1B01F968AB540F613 /* [CP] Check Pods Manifest.lock */ = {
			isa = PBXShellScriptBuildPhase;
			buildActionMask = 2147483647;
			files = (
			);
			inputPaths = (
			);
			name = "[CP] Check Pods Manifest.lock";
			outputPaths = (
			);
			runOnlyForDeploymentPostprocessing = 0;
			shellPath = /bin/sh;
			shellScript = "diff \"${PODS_PODFILE_DIR_PATH}/Podfile.lock\" \"${PODS_ROOT}/Manifest.lock\" > /dev/null\nif [ $? != 0 ] ; then\n    # print error to STDERR\n    echo \"error: The sandbox is not in sync with the Podfile.lock. Run 'pod install' or update your CocoaPods installation.\" >&2\n    exit 1\nfi\n";
			showEnvVarsInLog = 0;
		};
/* End PBXShellScriptBuildPhase section */

/* Begin PBXSourcesBuildPhase section */
		87ACCDE31FC4F85C0008F7BA /* Sources */ = {
			isa = PBXSourcesBuildPhase;
			buildActionMask = 2147483647;
			files = (
				87ACCDEF1FC4F85C0008F7BA /* ViewController.m in Sources */,
				87ACCDFA1FC4F85C0008F7BA /* main.m in Sources */,
				87ACCE331FC5AF4C0008F7BA /* UIView+Layout.m in Sources */,
				87ACCE341FC5AF4C0008F7BA /* SUImageManager.m in Sources */,
				87ACCE321FC5AF4C0008F7BA /* UIImage+Size.m in Sources */,
				87ACCE371FC5B1EF0008F7BA /* HomeVC.m in Sources */,
				87ACCE3F1FC5BDA10008F7BA /* HomeViewHeader.m in Sources */,
				87ACCE3C1FC5BA7F0008F7BA /* HomeViewModel.m in Sources */,
				87ACCE271FC4FA5A0008F7BA /* HomeTableViewCell.m in Sources */,
				87ACCDEC1FC4F85C0008F7BA /* AppDelegate.m in Sources */,
			);
			runOnlyForDeploymentPostprocessing = 0;
		};
		87ACCDFB1FC4F85C0008F7BA /* Sources */ = {
			isa = PBXSourcesBuildPhase;
			buildActionMask = 2147483647;
			files = (
				87ACCE041FC4F85C0008F7BA /* selfishTests.m in Sources */,
			);
			runOnlyForDeploymentPostprocessing = 0;
		};
		87ACCE061FC4F85C0008F7BA /* Sources */ = {
			isa = PBXSourcesBuildPhase;
			buildActionMask = 2147483647;
			files = (
				87ACCE0F1FC4F85C0008F7BA /* selfishUITests.m in Sources */,
			);
			runOnlyForDeploymentPostprocessing = 0;
		};
/* End PBXSourcesBuildPhase section */

/* Begin PBXTargetDependency section */
		87ACCE011FC4F85C0008F7BA /* PBXTargetDependency */ = {
			isa = PBXTargetDependency;
			target = 87ACCDE61FC4F85C0008F7BA /* selfish */;
			targetProxy = 87ACCE001FC4F85C0008F7BA /* PBXContainerItemProxy */;
		};
		87ACCE0C1FC4F85C0008F7BA /* PBXTargetDependency */ = {
			isa = PBXTargetDependency;
			target = 87ACCDE61FC4F85C0008F7BA /* selfish */;
			targetProxy = 87ACCE0B1FC4F85C0008F7BA /* PBXContainerItemProxy */;
		};
/* End PBXTargetDependency section */

/* Begin PBXVariantGroup section */
		87ACCDF01FC4F85C0008F7BA /* Main.storyboard */ = {
			isa = PBXVariantGroup;
			children = (
				87ACCDF11FC4F85C0008F7BA /* Base */,
			);
			name = Main.storyboard;
			sourceTree = "<group>";
		};
		87ACCDF51FC4F85C0008F7BA /* LaunchScreen.storyboard */ = {
			isa = PBXVariantGroup;
			children = (
				87ACCDF61FC4F85C0008F7BA /* Base */,
			);
			name = LaunchScreen.storyboard;
			sourceTree = "<group>";
		};
/* End PBXVariantGroup section */

/* Begin XCBuildConfiguration section */
		87ACCE111FC4F85C0008F7BA /* Debug */ = {
			isa = XCBuildConfiguration;
			buildSettings = {
				ALWAYS_SEARCH_USER_PATHS = NO;
				CLANG_ANALYZER_NONNULL = YES;
				CLANG_ANALYZER_NUMBER_OBJECT_CONVERSION = YES_AGGRESSIVE;
				CLANG_CXX_LANGUAGE_STANDARD = "gnu++14";
				CLANG_CXX_LIBRARY = "libc++";
				CLANG_ENABLE_MODULES = YES;
				CLANG_ENABLE_OBJC_ARC = YES;
				CLANG_WARN_BLOCK_CAPTURE_AUTORELEASING = YES;
				CLANG_WARN_BOOL_CONVERSION = YES;
				CLANG_WARN_COMMA = YES;
				CLANG_WARN_CONSTANT_CONVERSION = YES;
				CLANG_WARN_DIRECT_OBJC_ISA_USAGE = YES_ERROR;
				CLANG_WARN_DOCUMENTATION_COMMENTS = YES;
				CLANG_WARN_EMPTY_BODY = YES;
				CLANG_WARN_ENUM_CONVERSION = YES;
				CLANG_WARN_INFINITE_RECURSION = YES;
				CLANG_WARN_INT_CONVERSION = YES;
				CLANG_WARN_NON_LITERAL_NULL_CONVERSION = YES;
				CLANG_WARN_OBJC_LITERAL_CONVERSION = YES;
				CLANG_WARN_OBJC_ROOT_CLASS = YES_ERROR;
				CLANG_WARN_RANGE_LOOP_ANALYSIS = YES;
				CLANG_WARN_STRICT_PROTOTYPES = YES;
				CLANG_WARN_SUSPICIOUS_MOVE = YES;
				CLANG_WARN_UNGUARDED_AVAILABILITY = YES_AGGRESSIVE;
				CLANG_WARN_UNREACHABLE_CODE = YES;
				CLANG_WARN__DUPLICATE_METHOD_MATCH = YES;
				CODE_SIGN_IDENTITY = "iPhone Developer";
				COPY_PHASE_STRIP = NO;
				DEBUG_INFORMATION_FORMAT = dwarf;
				ENABLE_STRICT_OBJC_MSGSEND = YES;
				ENABLE_TESTABILITY = YES;
				GCC_C_LANGUAGE_STANDARD = gnu11;
				GCC_DYNAMIC_NO_PIC = NO;
				GCC_NO_COMMON_BLOCKS = YES;
				GCC_OPTIMIZATION_LEVEL = 0;
				GCC_PREPROCESSOR_DEFINITIONS = (
					"DEBUG=1",
					"$(inherited)",
				);
				GCC_WARN_64_TO_32_BIT_CONVERSION = YES;
				GCC_WARN_ABOUT_RETURN_TYPE = YES_ERROR;
				GCC_WARN_UNDECLARED_SELECTOR = YES;
				GCC_WARN_UNINITIALIZED_AUTOS = YES_AGGRESSIVE;
				GCC_WARN_UNUSED_FUNCTION = YES;
				GCC_WARN_UNUSED_VARIABLE = YES;
				IPHONEOS_DEPLOYMENT_TARGET = 11.1;
				MTL_ENABLE_DEBUG_INFO = YES;
				ONLY_ACTIVE_ARCH = YES;
				SDKROOT = iphoneos;
			};
			name = Debug;
		};
		87ACCE121FC4F85C0008F7BA /* Release */ = {
			isa = XCBuildConfiguration;
			buildSettings = {
				ALWAYS_SEARCH_USER_PATHS = NO;
				CLANG_ANALYZER_NONNULL = YES;
				CLANG_ANALYZER_NUMBER_OBJECT_CONVERSION = YES_AGGRESSIVE;
				CLANG_CXX_LANGUAGE_STANDARD = "gnu++14";
				CLANG_CXX_LIBRARY = "libc++";
				CLANG_ENABLE_MODULES = YES;
				CLANG_ENABLE_OBJC_ARC = YES;
				CLANG_WARN_BLOCK_CAPTURE_AUTORELEASING = YES;
				CLANG_WARN_BOOL_CONVERSION = YES;
				CLANG_WARN_COMMA = YES;
				CLANG_WARN_CONSTANT_CONVERSION = YES;
				CLANG_WARN_DIRECT_OBJC_ISA_USAGE = YES_ERROR;
				CLANG_WARN_DOCUMENTATION_COMMENTS = YES;
				CLANG_WARN_EMPTY_BODY = YES;
				CLANG_WARN_ENUM_CONVERSION = YES;
				CLANG_WARN_INFINITE_RECURSION = YES;
				CLANG_WARN_INT_CONVERSION = YES;
				CLANG_WARN_NON_LITERAL_NULL_CONVERSION = YES;
				CLANG_WARN_OBJC_LITERAL_CONVERSION = YES;
				CLANG_WARN_OBJC_ROOT_CLASS = YES_ERROR;
				CLANG_WARN_RANGE_LOOP_ANALYSIS = YES;
				CLANG_WARN_STRICT_PROTOTYPES = YES;
				CLANG_WARN_SUSPICIOUS_MOVE = YES;
				CLANG_WARN_UNGUARDED_AVAILABILITY = YES_AGGRESSIVE;
				CLANG_WARN_UNREACHABLE_CODE = YES;
				CLANG_WARN__DUPLICATE_METHOD_MATCH = YES;
				CODE_SIGN_IDENTITY = "iPhone Developer";
				COPY_PHASE_STRIP = NO;
				DEBUG_INFORMATION_FORMAT = "dwarf-with-dsym";
				ENABLE_NS_ASSERTIONS = NO;
				ENABLE_STRICT_OBJC_MSGSEND = YES;
				GCC_C_LANGUAGE_STANDARD = gnu11;
				GCC_NO_COMMON_BLOCKS = YES;
				GCC_WARN_64_TO_32_BIT_CONVERSION = YES;
				GCC_WARN_ABOUT_RETURN_TYPE = YES_ERROR;
				GCC_WARN_UNDECLARED_SELECTOR = YES;
				GCC_WARN_UNINITIALIZED_AUTOS = YES_AGGRESSIVE;
				GCC_WARN_UNUSED_FUNCTION = YES;
				GCC_WARN_UNUSED_VARIABLE = YES;
				IPHONEOS_DEPLOYMENT_TARGET = 11.1;
				MTL_ENABLE_DEBUG_INFO = NO;
				SDKROOT = iphoneos;
				VALIDATE_PRODUCT = YES;
			};
			name = Release;
		};
		87ACCE141FC4F85C0008F7BA /* Debug */ = {
			isa = XCBuildConfiguration;
			baseConfigurationReference = 788519F427174B6659B77C89 /* Pods-selfish.debug.xcconfig */;
			buildSettings = {
				ASSETCATALOG_COMPILER_APPICON_NAME = AppIcon;
				CODE_SIGN_STYLE = Automatic;
				DEVELOPMENT_TEAM = ZA43ZW39F3;
				INFOPLIST_FILE = selfish/Info.plist;
				LD_RUNPATH_SEARCH_PATHS = "$(inherited) @executable_path/Frameworks";
				PRODUCT_BUNDLE_IDENTIFIER = com.wuxia.sevenuncle.selfish;
				PRODUCT_NAME = "$(TARGET_NAME)";
				TARGETED_DEVICE_FAMILY = "1,2";
			};
			name = Debug;
		};
		87ACCE151FC4F85C0008F7BA /* Release */ = {
			isa = XCBuildConfiguration;
			baseConfigurationReference = 71E838DD0DEEB7533B44F0DE /* Pods-selfish.release.xcconfig */;
			buildSettings = {
				ASSETCATALOG_COMPILER_APPICON_NAME = AppIcon;
				CODE_SIGN_STYLE = Automatic;
				DEVELOPMENT_TEAM = ZA43ZW39F3;
				INFOPLIST_FILE = selfish/Info.plist;
				LD_RUNPATH_SEARCH_PATHS = "$(inherited) @executable_path/Frameworks";
				PRODUCT_BUNDLE_IDENTIFIER = com.wuxia.sevenuncle.selfish;
				PRODUCT_NAME = "$(TARGET_NAME)";
				TARGETED_DEVICE_FAMILY = "1,2";
			};
			name = Release;
		};
		87ACCE171FC4F85C0008F7BA /* Debug */ = {
			isa = XCBuildConfiguration;
			buildSettings = {
				BUNDLE_LOADER = "$(TEST_HOST)";
				CODE_SIGN_STYLE = Automatic;
				DEVELOPMENT_TEAM = ZA43ZW39F3;
				INFOPLIST_FILE = selfishTests/Info.plist;
				LD_RUNPATH_SEARCH_PATHS = "$(inherited) @executable_path/Frameworks @loader_path/Frameworks";
				PRODUCT_BUNDLE_IDENTIFIER = com.wuxia.sevenuncle.selfishTests;
				PRODUCT_NAME = "$(TARGET_NAME)";
				TARGETED_DEVICE_FAMILY = "1,2";
				TEST_HOST = "$(BUILT_PRODUCTS_DIR)/selfish.app/selfish";
			};
			name = Debug;
		};
		87ACCE181FC4F85C0008F7BA /* Release */ = {
			isa = XCBuildConfiguration;
			buildSettings = {
				BUNDLE_LOADER = "$(TEST_HOST)";
				CODE_SIGN_STYLE = Automatic;
				DEVELOPMENT_TEAM = ZA43ZW39F3;
				INFOPLIST_FILE = selfishTests/Info.plist;
				LD_RUNPATH_SEARCH_PATHS = "$(inherited) @executable_path/Frameworks @loader_path/Frameworks";
				PRODUCT_BUNDLE_IDENTIFIER = com.wuxia.sevenuncle.selfishTests;
				PRODUCT_NAME = "$(TARGET_NAME)";
				TARGETED_DEVICE_FAMILY = "1,2";
				TEST_HOST = "$(BUILT_PRODUCTS_DIR)/selfish.app/selfish";
			};
			name = Release;
		};
		87ACCE1A1FC4F85C0008F7BA /* Debug */ = {
			isa = XCBuildConfiguration;
			buildSettings = {
				CODE_SIGN_STYLE = Automatic;
				DEVELOPMENT_TEAM = ZA43ZW39F3;
				INFOPLIST_FILE = selfishUITests/Info.plist;
				LD_RUNPATH_SEARCH_PATHS = "$(inherited) @executable_path/Frameworks @loader_path/Frameworks";
				PRODUCT_BUNDLE_IDENTIFIER = com.wuxia.sevenuncle.selfishUITests;
				PRODUCT_NAME = "$(TARGET_NAME)";
				TARGETED_DEVICE_FAMILY = "1,2";
				TEST_TARGET_NAME = selfish;
			};
			name = Debug;
		};
		87ACCE1B1FC4F85C0008F7BA /* Release */ = {
			isa = XCBuildConfiguration;
			buildSettings = {
				CODE_SIGN_STYLE = Automatic;
				DEVELOPMENT_TEAM = ZA43ZW39F3;
				INFOPLIST_FILE = selfishUITests/Info.plist;
				LD_RUNPATH_SEARCH_PATHS = "$(inherited) @executable_path/Frameworks @loader_path/Frameworks";
				PRODUCT_BUNDLE_IDENTIFIER = com.wuxia.sevenuncle.selfishUITests;
				PRODUCT_NAME = "$(TARGET_NAME)";
				TARGETED_DEVICE_FAMILY = "1,2";
				TEST_TARGET_NAME = selfish;
			};
			name = Release;
		};
/* End XCBuildConfiguration section */

/* Begin XCConfigurationList section */
		87ACCDE21FC4F85C0008F7BA /* Build configuration list for PBXProject "selfish" */ = {
			isa = XCConfigurationList;
			buildConfigurations = (
				87ACCE111FC4F85C0008F7BA /* Debug */,
				87ACCE121FC4F85C0008F7BA /* Release */,
			);
			defaultConfigurationIsVisible = 0;
			defaultConfigurationName = Release;
		};
		87ACCE131FC4F85C0008F7BA /* Build configuration list for PBXNativeTarget "selfish" */ = {
			isa = XCConfigurationList;
			buildConfigurations = (
				87ACCE141FC4F85C0008F7BA /* Debug */,
				87ACCE151FC4F85C0008F7BA /* Release */,
			);
			defaultConfigurationIsVisible = 0;
			defaultConfigurationName = Release;
		};
		87ACCE161FC4F85C0008F7BA /* Build configuration list for PBXNativeTarget "selfishTests" */ = {
			isa = XCConfigurationList;
			buildConfigurations = (
				87ACCE171FC4F85C0008F7BA /* Debug */,
				87ACCE181FC4F85C0008F7BA /* Release */,
			);
			defaultConfigurationIsVisible = 0;
			defaultConfigurationName = Release;
		};
		87ACCE191FC4F85C0008F7BA /* Build configuration list for PBXNativeTarget "selfishUITests" */ = {
			isa = XCConfigurationList;
			buildConfigurations = (
				87ACCE1A1FC4F85C0008F7BA /* Debug */,
				87ACCE1B1FC4F85C0008F7BA /* Release */,
			);
			defaultConfigurationIsVisible = 0;
			defaultConfigurationName = Release;
		};
/* End XCConfigurationList section */
	};
	rootObject = 87ACCDDF1FC4F85C0008F7BA /* Project object */;
}
